<?xml version="1.0" encoding="utf-8"?>
<Project ToolsVersion="17.0" xmlns="http://schemas.microsoft.com/developer/msbuild/2003">
  <ItemGroup>
    <CustomBuild Include="C:\PhysicsEngine\CMakeFiles\a3c17f4aee60fdd8761021115527b157\INSTALL_force.rule">
      <Filter>CMake Rules</Filter>
    </CustomBuild>
  </ItemGroup>
  <ItemGroup>
    <Filter Include="CMake Rules">
      <UniqueIdentifier>{CA838483-D2FE-3A24-AA4B-E3751CD976A9}</UniqueIdentifier>
    </Filter>
  </ItemGroup>
</Project>
