
Microsoft Visual Studio Solution File, Format Version 12.00
# Visual Studio Version 17
Project("{8BC9CEB8-8B4A-11D0-8D11-00A0C91BC942}") = "ALL_BUILD", "ALL_BUILD.vcxproj", "{6730B439-B610-380A-8CDB-78FFA9DC21D4}"
	ProjectSection(ProjectDependencies) = postProject
		{5C4839E6-B7D7-3A70-BEED-2CA6618C4D45} = {5C4839E6-B7D7-3A70-BEED-2CA6618C4D45}
		{0CAD27E3-8DCE-3661-B4B6-C45D32AB5E66} = {0CAD27E3-8DCE-3661-B4B6-C45D32AB5E66}
	EndProjectSection
EndProject
Project("{8BC9CEB8-8B4A-11D0-8D11-00A0C91BC942}") = "INSTALL", "INSTALL.vcxproj", "{44A20253-BEF3-3F30-9B39-A5440C99C8B6}"
	ProjectSection(ProjectDependencies) = postProject
		{6730B439-B610-380A-8CDB-78FFA9DC21D4} = {6730B439-B610-380A-8CDB-78FFA9DC21D4}
		{5C4839E6-B7D7-3A70-BEED-2CA6618C4D45} = {5C4839E6-B7D7-3A70-BEED-2CA6618C4D45}
	EndProjectSection
EndProject
Project("{8BC9CEB8-8B4A-11D0-8D11-00A0C91BC942}") = "RUN_TESTS", "RUN_TESTS.vcxproj", "{EED4AF68-CAE9-3D9E-AD1A-BBC7C8905CF0}"
	ProjectSection(ProjectDependencies) = postProject
		{5C4839E6-B7D7-3A70-BEED-2CA6618C4D45} = {5C4839E6-B7D7-3A70-BEED-2CA6618C4D45}
	EndProjectSection
EndProject
Project("{8BC9CEB8-8B4A-11D0-8D11-00A0C91BC942}") = "ZERO_CHECK", "..\\ZERO_CHECK.vcxproj", "{5C4839E6-B7D7-3A70-BEED-2CA6618C4D45}"
	ProjectSection(ProjectDependencies) = postProject
	EndProjectSection
EndProject
Project("{8BC9CEB8-8B4A-11D0-8D11-00A0C91BC942}") = "gtest", "googletest\googletest\gtest.vcxproj", "{5ED3CFFE-7889-3BD8-82D9-20BB474CE26F}"
	ProjectSection(ProjectDependencies) = postProject
		{5C4839E6-B7D7-3A70-BEED-2CA6618C4D45} = {5C4839E6-B7D7-3A70-BEED-2CA6618C4D45}
	EndProjectSection
EndProject
Project("{8BC9CEB8-8B4A-11D0-8D11-00A0C91BC942}") = "physicsengine", "..\\physicsengine.vcxproj", "{7725DC4D-C186-3B60-8989-BE9261B0AFF7}"
	ProjectSection(ProjectDependencies) = postProject
		{5C4839E6-B7D7-3A70-BEED-2CA6618C4D45} = {5C4839E6-B7D7-3A70-BEED-2CA6618C4D45}
	EndProjectSection
EndProject
Project("{8BC9CEB8-8B4A-11D0-8D11-00A0C91BC942}") = "tests", "tests.vcxproj", "{0CAD27E3-8DCE-3661-B4B6-C45D32AB5E66}"
	ProjectSection(ProjectDependencies) = postProject
		{5C4839E6-B7D7-3A70-BEED-2CA6618C4D45} = {5C4839E6-B7D7-3A70-BEED-2CA6618C4D45}
		{5ED3CFFE-7889-3BD8-82D9-20BB474CE26F} = {5ED3CFFE-7889-3BD8-82D9-20BB474CE26F}
		{7725DC4D-C186-3B60-8989-BE9261B0AFF7} = {7725DC4D-C186-3B60-8989-BE9261B0AFF7}
	EndProjectSection
EndProject
Global
	GlobalSection(SolutionConfigurationPlatforms) = preSolution
		Debug|x64 = Debug|x64
		Release|x64 = Release|x64
		MinSizeRel|x64 = MinSizeRel|x64
		RelWithDebInfo|x64 = RelWithDebInfo|x64
	EndGlobalSection
	GlobalSection(ProjectConfigurationPlatforms) = postSolution
		{6730B439-B610-380A-8CDB-78FFA9DC21D4}.Debug|x64.ActiveCfg = Debug|x64
		{6730B439-B610-380A-8CDB-78FFA9DC21D4}.Debug|x64.Build.0 = Debug|x64
		{6730B439-B610-380A-8CDB-78FFA9DC21D4}.Release|x64.ActiveCfg = Release|x64
		{6730B439-B610-380A-8CDB-78FFA9DC21D4}.Release|x64.Build.0 = Release|x64
		{6730B439-B610-380A-8CDB-78FFA9DC21D4}.MinSizeRel|x64.ActiveCfg = MinSizeRel|x64
		{6730B439-B610-380A-8CDB-78FFA9DC21D4}.MinSizeRel|x64.Build.0 = MinSizeRel|x64
		{6730B439-B610-380A-8CDB-78FFA9DC21D4}.RelWithDebInfo|x64.ActiveCfg = RelWithDebInfo|x64
		{6730B439-B610-380A-8CDB-78FFA9DC21D4}.RelWithDebInfo|x64.Build.0 = RelWithDebInfo|x64
		{44A20253-BEF3-3F30-9B39-A5440C99C8B6}.Debug|x64.ActiveCfg = Debug|x64
		{44A20253-BEF3-3F30-9B39-A5440C99C8B6}.Release|x64.ActiveCfg = Release|x64
		{44A20253-BEF3-3F30-9B39-A5440C99C8B6}.MinSizeRel|x64.ActiveCfg = MinSizeRel|x64
		{44A20253-BEF3-3F30-9B39-A5440C99C8B6}.RelWithDebInfo|x64.ActiveCfg = RelWithDebInfo|x64
		{EED4AF68-CAE9-3D9E-AD1A-BBC7C8905CF0}.Debug|x64.ActiveCfg = Debug|x64
		{EED4AF68-CAE9-3D9E-AD1A-BBC7C8905CF0}.Release|x64.ActiveCfg = Release|x64
		{EED4AF68-CAE9-3D9E-AD1A-BBC7C8905CF0}.MinSizeRel|x64.ActiveCfg = MinSizeRel|x64
		{EED4AF68-CAE9-3D9E-AD1A-BBC7C8905CF0}.RelWithDebInfo|x64.ActiveCfg = RelWithDebInfo|x64
		{5C4839E6-B7D7-3A70-BEED-2CA6618C4D45}.Debug|x64.ActiveCfg = Debug|x64
		{5C4839E6-B7D7-3A70-BEED-2CA6618C4D45}.Debug|x64.Build.0 = Debug|x64
		{5C4839E6-B7D7-3A70-BEED-2CA6618C4D45}.Release|x64.ActiveCfg = Release|x64
		{5C4839E6-B7D7-3A70-BEED-2CA6618C4D45}.Release|x64.Build.0 = Release|x64
		{5C4839E6-B7D7-3A70-BEED-2CA6618C4D45}.MinSizeRel|x64.ActiveCfg = MinSizeRel|x64
		{5C4839E6-B7D7-3A70-BEED-2CA6618C4D45}.MinSizeRel|x64.Build.0 = MinSizeRel|x64
		{5C4839E6-B7D7-3A70-BEED-2CA6618C4D45}.RelWithDebInfo|x64.ActiveCfg = RelWithDebInfo|x64
		{5C4839E6-B7D7-3A70-BEED-2CA6618C4D45}.RelWithDebInfo|x64.Build.0 = RelWithDebInfo|x64
		{5ED3CFFE-7889-3BD8-82D9-20BB474CE26F}.Debug|x64.ActiveCfg = Debug|x64
		{5ED3CFFE-7889-3BD8-82D9-20BB474CE26F}.Debug|x64.Build.0 = Debug|x64
		{5ED3CFFE-7889-3BD8-82D9-20BB474CE26F}.Release|x64.ActiveCfg = Release|x64
		{5ED3CFFE-7889-3BD8-82D9-20BB474CE26F}.Release|x64.Build.0 = Release|x64
		{5ED3CFFE-7889-3BD8-82D9-20BB474CE26F}.MinSizeRel|x64.ActiveCfg = MinSizeRel|x64
		{5ED3CFFE-7889-3BD8-82D9-20BB474CE26F}.MinSizeRel|x64.Build.0 = MinSizeRel|x64
		{5ED3CFFE-7889-3BD8-82D9-20BB474CE26F}.RelWithDebInfo|x64.ActiveCfg = RelWithDebInfo|x64
		{5ED3CFFE-7889-3BD8-82D9-20BB474CE26F}.RelWithDebInfo|x64.Build.0 = RelWithDebInfo|x64
		{7725DC4D-C186-3B60-8989-BE9261B0AFF7}.Debug|x64.ActiveCfg = Debug|x64
		{7725DC4D-C186-3B60-8989-BE9261B0AFF7}.Debug|x64.Build.0 = Debug|x64
		{7725DC4D-C186-3B60-8989-BE9261B0AFF7}.Release|x64.ActiveCfg = Release|x64
		{7725DC4D-C186-3B60-8989-BE9261B0AFF7}.Release|x64.Build.0 = Release|x64
		{7725DC4D-C186-3B60-8989-BE9261B0AFF7}.MinSizeRel|x64.ActiveCfg = MinSizeRel|x64
		{7725DC4D-C186-3B60-8989-BE9261B0AFF7}.MinSizeRel|x64.Build.0 = MinSizeRel|x64
		{7725DC4D-C186-3B60-8989-BE9261B0AFF7}.RelWithDebInfo|x64.ActiveCfg = RelWithDebInfo|x64
		{7725DC4D-C186-3B60-8989-BE9261B0AFF7}.RelWithDebInfo|x64.Build.0 = RelWithDebInfo|x64
		{0CAD27E3-8DCE-3661-B4B6-C45D32AB5E66}.Debug|x64.ActiveCfg = Debug|x64
		{0CAD27E3-8DCE-3661-B4B6-C45D32AB5E66}.Debug|x64.Build.0 = Debug|x64
		{0CAD27E3-8DCE-3661-B4B6-C45D32AB5E66}.Release|x64.ActiveCfg = Release|x64
		{0CAD27E3-8DCE-3661-B4B6-C45D32AB5E66}.Release|x64.Build.0 = Release|x64
		{0CAD27E3-8DCE-3661-B4B6-C45D32AB5E66}.MinSizeRel|x64.ActiveCfg = MinSizeRel|x64
		{0CAD27E3-8DCE-3661-B4B6-C45D32AB5E66}.MinSizeRel|x64.Build.0 = MinSizeRel|x64
		{0CAD27E3-8DCE-3661-B4B6-C45D32AB5E66}.RelWithDebInfo|x64.ActiveCfg = RelWithDebInfo|x64
		{0CAD27E3-8DCE-3661-B4B6-C45D32AB5E66}.RelWithDebInfo|x64.Build.0 = RelWithDebInfo|x64
	EndGlobalSection
	GlobalSection(ExtensibilityGlobals) = postSolution
		SolutionGuid = {597A13D4-FA66-315C-BF95-7F2A45B8A089}
	EndGlobalSection
	GlobalSection(ExtensibilityAddIns) = postSolution
	EndGlobalSection
EndGlobal
